{
  "requires": true,
  "lockfileVersion": 1,
  "dependencies": {
    "esbuild": {
      "version": "0.8.15",
      "resolved": "https://registry.npmjs.org/esbuild/-/esbuild-0.8.15.tgz",
      "integrity": "sha512-mSaLo9t/oYtQE6FRUEdO47Pr8PisSPzHtgr+LcihIcjBEhbYwjT6WLCQ7noDoTBfIatBCw229rtmIwl9u9UQwg=="
    }
  }
}
